// !$*UTF8*$!
{
	archiveVersion = 1;
	classes = {
	};
	objectVersion = 56;
	objects = {

/* Begin PBXBuildFile section */
		F652590A29F450CC009DA527 /* Lesson13App.swift in Sources */ = {isa = PBXBuildFile; fileRef = F652590929F450CC009DA527 /* Lesson13App.swift */; };
		F652590C29F450CC009DA527 /* ContentView.swift in Sources */ = {isa = PBXBuildFile; fileRef = F652590B29F450CC009DA527 /* ContentView.swift */; };
		F652590E29F450CE009DA527 /* Assets.xcassets in Resources */ = {isa = PBXBuildFile; fileRef = F652590D29F450CE009DA527 /* Assets.xcassets */; };
		F652591129F450CE009DA527 /* Preview Assets.xcassets in Resources */ = {isa = PBXBuildFile; fileRef = F652591029F450CE009DA527 /* Preview Assets.xcassets */; };
		F652591B29F450CF009DA527 /* Lesson13Tests.swift in Sources */ = {isa = PBXBuildFile; fileRef = F652591A29F450CF009DA527 /* Lesson13Tests.swift */; };
		F652592529F450CF009DA527 /* Lesson13UITests.swift in Sources */ = {isa = PBXBuildFile; fileRef = F652592429F450CF009DA527 /* Lesson13UITests.swift */; };
		F652592729F450CF009DA527 /* Lesson13UITestsLaunchTests.swift in Sources */ = {isa = PBXBuildFile; fileRef = F652592629F450CF009DA527 /* Lesson13UITestsLaunchTests.swift */; };
/* End PBXBuildFile section */

/* Begin PBXContainerItemProxy section */
		F652591729F450CF009DA527 /* PBXContainerItemProxy */ = {
			isa = PBXContainerItemProxy;
			containerPortal = F65258FE29F450CC009DA527 /* Project object */;
			proxyType = 1;
			remoteGlobalIDString = F652590529F450CC009DA527;
			remoteInfo = Lesson13;
		};
		F652592129F450CF009DA527 /* PBXContainerItemProxy */ = {
			isa = PBXContainerItemProxy;
			containerPortal = F65258FE29F450CC009DA527 /* Project object */;
			proxyType = 1;
			remoteGlobalIDString = F652590529F450CC009DA527;
			remoteInfo = Lesson13;
		};
/* End PBXContainerItemProxy section */

/* Begin PBXFileReference section */
		F652590629F450CC009DA527 /* Lesson13.app */ = {isa = PBXFileReference; explicitFileType = wrapper.application; includeInIndex = 0; path = Lesson13.app; sourceTree = BUILT_PRODUCTS_DIR; };
		F652590929F450CC009DA527 /* Lesson13App.swift */ = {isa = PBXFileReference; lastKnownFileType = sourcecode.swift; path = Lesson13App.swift; sourceTree = "<group>"; };
		F652590B29F450CC009DA527 /* ContentView.swift */ = {isa = PBXFileReference; lastKnownFileType = sourcecode.swift; path = ContentView.swift; sourceTree = "<group>"; };
		F652590D29F450CE009DA527 /* Assets.xcassets */ = {isa = PBXFileReference; lastKnownFileType = folder.assetcatalog; path = Assets.xcassets; sourceTree = "<group>"; };
		F652591029F450CE009DA527 /* Preview Assets.xcassets */ = {isa = PBXFileReference; lastKnownFileType = folder.assetcatalog; path = "Preview Assets.xcassets"; sourceTree = "<group>"; };
		F652591629F450CF009DA527 /* Lesson13Tests.xctest */ = {isa = PBXFileReference; explicitFileType = wrapper.cfbundle; includeInIndex = 0; path = Lesson13Tests.xctest; sourceTree = BUILT_PRODUCTS_DIR; };
		F652591A29F450CF009DA527 /* Lesson13Tests.swift */ = {isa = PBXFileReference; lastKnownFileType = sourcecode.swift; path = Lesson13Tests.swift; sourceTree = "<group>"; };
		F652592029F450CF009DA527 /* Lesson13UITests.xctest */ = {isa = PBXFileReference; explicitFileType = wrapper.cfbundle; includeInIndex = 0; path = Lesson13UITests.xctest; sourceTree = BUILT_PRODUCTS_DIR; };
		F652592429F450CF009DA527 /* Lesson13UITests.swift */ = {isa = PBXFileReference; lastKnownFileType = sourcecode.swift; path = Lesson13UITests.swift; sourceTree = "<group>"; };
		F652592629F450CF009DA527 /* Lesson13UITestsLaunchTests.swift */ = {isa = PBXFileReference; lastKnownFileType = sourcecode.swift; path = Lesson13UITestsLaunchTests.swift; sourceTree = "<group>"; };
/* End PBXFileReference section */

/* Begin PBXFrameworksBuildPhase section */
		F652590329F450CC009DA527 /* Frameworks */ = {
			isa = PBXFrameworksBuildPhase;
			buildActionMask = 2147483647;
			files = (
			);
			runOnlyForDeploymentPostprocessing = 0;
		};
		F652591329F450CF009DA527 /* Frameworks */ = {
			isa = PBXFrameworksBuildPhase;
			buildActionMask = 2147483647;
			files = (
			);
			runOnlyForDeploymentPostprocessing = 0;
		};
		F652591D29F450CF009DA527 /* Frameworks */ = {
			isa = PBXFrameworksBuildPhase;
			buildActionMask = 2147483647;
			files = (
			);
			runOnlyForDeploymentPostprocessing = 0;
		};
/* End PBXFrameworksBuildPhase section */

/* Begin PBXGroup section */
		F65258FD29F450CC009DA527 = {
			isa = PBXGroup;
			children = (
				F652590829F450CC009DA527 /* Lesson13 */,
				F652591929F450CF009DA527 /* Lesson13Tests */,
				F652592329F450CF009DA527 /* Lesson13UITests */,
				F652590729F450CC009DA527 /* Products */,
			);
			sourceTree = "<group>";
		};
		F652590729F450CC009DA527 /* Products */ = {
			isa = PBXGroup;
			children = (
				F652590629F450CC009DA527 /* Lesson13.app */,
				F652591629F450CF009DA527 /* Lesson13Tests.xctest */,
				F652592029F450CF009DA527 /* Lesson13UITests.xctest */,
			);
			name = Products;
			sourceTree = "<group>";
		};
		F652590829F450CC009DA527 /* Lesson13 */ = {
			isa = PBXGroup;
			children = (
				F652590929F450CC009DA527 /* Lesson13App.swift */,
				F652590B29F450CC009DA527 /* ContentView.swift */,
				F652590D29F450CE009DA527 /* Assets.xcassets */,
				F652590F29F450CE009DA527 /* Preview Content */,
			);
			path = Lesson13;
			sourceTree = "<group>";
		};
		F652590F29F450CE009DA527 /* Preview Content */ = {
			isa = PBXGroup;
			children = (
				F652591029F450CE009DA527 /* Preview Assets.xcassets */,
			);
			path = "Preview Content";
			sourceTree = "<group>";
		};
		F652591929F450CF009DA527 /* Lesson13Tests */ = {
			isa = PBXGroup;
			children = (
				F652591A29F450CF009DA527 /* Lesson13Tests.swift */,
			);
			path = Lesson13Tests;
			sourceTree = "<group>";
		};
		F652592329F450CF009DA527 /* Lesson13UITests */ = {
			isa = PBXGroup;
			children = (
				F652592429F450CF009DA527 /* Lesson13UITests.swift */,
				F652592629F450CF009DA527 /* Lesson13UITestsLaunchTests.swift */,
			);
			path = Lesson13UITests;
			sourceTree = "<group>";
		};
/* End PBXGroup section */

/* Begin PBXNativeTarget section */
		F652590529F450CC009DA527 /* Lesson13 */ = {
			isa = PBXNativeTarget;
			buildConfigurationList = F652592A29F450CF009DA527 /* Build configuration list for PBXNativeTarget "Lesson13" */;
			buildPhases = (
				F652590229F450CC009DA527 /* Sources */,
				F652590329F450CC009DA527 /* Frameworks */,
				F652590429F450CC009DA527 /* Resources */,
			);
			buildRules = (
			);
			dependencies = (
			);
			name = Lesson13;
			productName = Lesson13;
			productReference = F652590629F450CC009DA527 /* Lesson13.app */;
			productType = "com.apple.product-type.application";
		};
		F652591529F450CF009DA527 /* Lesson13Tests */ = {
			isa = PBXNativeTarget;
			buildConfigurationList = F652592D29F450CF009DA527 /* Build configuration list for PBXNativeTarget "Lesson13Tests" */;
			buildPhases = (
				F652591229F450CF009DA527 /* Sources */,
				F652591329F450CF009DA527 /* Frameworks */,
				F652591429F450CF009DA527 /* Resources */,
			);
			buildRules = (
			);
			dependencies = (
				F652591829F450CF009DA527 /* PBXTargetDependency */,
			);
			name = Lesson13Tests;
			productName = Lesson13Tests;
			productReference = F652591629F450CF009DA527 /* Lesson13Tests.xctest */;
			productType = "com.apple.product-type.bundle.unit-test";
		};
		F652591F29F450CF009DA527 /* Lesson13UITests */ = {
			isa = PBXNativeTarget;
			buildConfigurationList = F652593029F450CF009DA527 /* Build configuration list for PBXNativeTarget "Lesson13UITests" */;
			buildPhases = (
				F652591C29F450CF009DA527 /* Sources */,
				F652591D29F450CF009DA527 /* Frameworks */,
				F652591E29F450CF009DA527 /* Resources */,
			);
			buildRules = (
			);
			dependencies = (
				F652592229F450CF009DA527 /* PBXTargetDependency */,
			);
			name = Lesson13UITests;
			productName = Lesson13UITests;
			productReference = F652592029F450CF009DA527 /* Lesson13UITests.xctest */;
			productType = "com.apple.product-type.bundle.ui-testing";
		};
/* End PBXNativeTarget section */

/* Begin PBXProject section */
		F65258FE29F450CC009DA527 /* Project object */ = {
			isa = PBXProject;
			attributes = {
				BuildIndependentTargetsInParallel = 1;
				LastSwiftUpdateCheck = 1420;
				LastUpgradeCheck = 1420;
				TargetAttributes = {
					F652590529F450CC009DA527 = {
						CreatedOnToolsVersion = 14.2;
					};
					F652591529F450CF009DA527 = {
						CreatedOnToolsVersion = 14.2;
						TestTargetID = F652590529F450CC009DA527;
					};
					F652591F29F450CF009DA527 = {
						CreatedOnToolsVersion = 14.2;
						TestTargetID = F652590529F450CC009DA527;
					};
				};
			};
			buildConfigurationList = F652590129F450CC009DA527 /* Build configuration list for PBXProject "Lesson13" */;
			compatibilityVersion = "Xcode 14.0";
			developmentRegion = en;
			hasScannedForEncodings = 0;
			knownRegions = (
				en,
				Base,
			);
			mainGroup = F65258FD29F450CC009DA527;
			productRefGroup = F652590729F450CC009DA527 /* Products */;
			projectDirPath = "";
			projectRoot = "";
			targets = (
				F652590529F450CC009DA527 /* Lesson13 */,
				F652591529F450CF009DA527 /* Lesson13Tests */,
				F652591F29F450CF009DA527 /* Lesson13UITests */,
			);
		};
/* End PBXProject section */

/* Begin PBXResourcesBuildPhase section */
		F652590429F450CC009DA527 /* Resources */ = {
			isa = PBXResourcesBuildPhase;
			buildActionMask = 2147483647;
			files = (
				F652591129F450CE009DA527 /* Preview Assets.xcassets in Resources */,
				F652590E29F450CE009DA527 /* Assets.xcassets in Resources */,
			);
			runOnlyForDeploymentPostprocessing = 0;
		};
		F652591429F450CF009DA527 /* Resources */ = {
			isa = PBXResourcesBuildPhase;
			buildActionMask = 2147483647;
			files = (
			);
			runOnlyForDeploymentPostprocessing = 0;
		};
		F652591E29F450CF009DA527 /* Resources */ = {
			isa = PBXResourcesBuildPhase;
			buildActionMask = 2147483647;
			files = (
			);
			runOnlyForDeploymentPostprocessing = 0;
		};
/* End PBXResourcesBuildPhase section */

/* Begin PBXSourcesBuildPhase section */
		F652590229F450CC009DA527 /* Sources */ = {
			isa = PBXSourcesBuildPhase;
			buildActionMask = 2147483647;
			files = (
				F652590C29F450CC009DA527 /* ContentView.swift in Sources */,
				F652590A29F450CC009DA527 /* Lesson13App.swift in Sources */,
			);
			runOnlyForDeploymentPostprocessing = 0;
		};
		F652591229F450CF009DA527 /* Sources */ = {
			isa = PBXSourcesBuildPhase;
			buildActionMask = 2147483647;
			files = (
				F652591B29F450CF009DA527 /* Lesson13Tests.swift in Sources */,
			);
			runOnlyForDeploymentPostprocessing = 0;
		};
		F652591C29F450CF009DA527 /* Sources */ = {
			isa = PBXSourcesBuildPhase;
			buildActionMask = 2147483647;
			files = (
				F652592729F450CF009DA527 /* Lesson13UITestsLaunchTests.swift in Sources */,
				F652592529F450CF009DA527 /* Lesson13UITests.swift in Sources */,
			);
			runOnlyForDeploymentPostprocessing = 0;
		};
/* End PBXSourcesBuildPhase section */

/* Begin PBXTargetDependency section */
		F652591829F450CF009DA527 /* PBXTargetDependency */ = {
			isa = PBXTargetDependency;
			target = F652590529F450CC009DA527 /* Lesson13 */;
			targetProxy = F652591729F450CF009DA527 /* PBXContainerItemProxy */;
		};
		F652592229F450CF009DA527 /* PBXTargetDependency */ = {
			isa = PBXTargetDependency;
			target = F652590529F450CC009DA527 /* Lesson13 */;
			targetProxy = F652592129F450CF009DA527 /* PBXContainerItemProxy */;
		};
/* End PBXTargetDependency section */

/* Begin XCBuildConfiguration section */
		F652592829F450CF009DA527 /* Debug */ = {
			isa = XCBuildConfiguration;
			buildSettings = {
				ALWAYS_SEARCH_USER_PATHS = NO;
				CLANG_ANALYZER_NONNULL = YES;
				CLANG_ANALYZER_NUMBER_OBJECT_CONVERSION = YES_AGGRESSIVE;
				CLANG_CXX_LANGUAGE_STANDARD = "gnu++20";
				CLANG_ENABLE_MODULES = YES;
				CLANG_ENABLE_OBJC_ARC = YES;
				CLANG_ENABLE_OBJC_WEAK = YES;
				CLANG_WARN_BLOCK_CAPTURE_AUTORELEASING = YES;
				CLANG_WARN_BOOL_CONVERSION = YES;
				CLANG_WARN_COMMA = YES;
				CLANG_WARN_CONSTANT_CONVERSION = YES;
				CLANG_WARN_DEPRECATED_OBJC_IMPLEMENTATIONS = YES;
				CLANG_WARN_DIRECT_OBJC_ISA_USAGE = YES_ERROR;
				CLANG_WARN_DOCUMENTATION_COMMENTS = YES;
				CLANG_WARN_EMPTY_BODY = YES;
				CLANG_WARN_ENUM_CONVERSION = YES;
				CLANG_WARN_INFINITE_RECURSION = YES;
				CLANG_WARN_INT_CONVERSION = YES;
				CLANG_WARN_NON_LITERAL_NULL_CONVERSION = YES;
				CLANG_WARN_OBJC_IMPLICIT_RETAIN_SELF = YES;
				CLANG_WARN_OBJC_LITERAL_CONVERSION = YES;
				CLANG_WARN_OBJC_ROOT_CLASS = YES_ERROR;
				CLANG_WARN_QUOTED_INCLUDE_IN_FRAMEWORK_HEADER = YES;
				CLANG_WARN_RANGE_LOOP_ANALYSIS = YES;
				CLANG_WARN_STRICT_PROTOTYPES = YES;
				CLANG_WARN_SUSPICIOUS_MOVE = YES;
				CLANG_WARN_UNGUARDED_AVAILABILITY = YES_AGGRESSIVE;
				CLANG_WARN_UNREACHABLE_CODE = YES;
				CLANG_WARN__DUPLICATE_METHOD_MATCH = YES;
				COPY_PHASE_STRIP = NO;
				DEBUG_INFORMATION_FORMAT = dwarf;
				ENABLE_STRICT_OBJC_MSGSEND = YES;
				ENABLE_TESTABILITY = YES;
				GCC_C_LANGUAGE_STANDARD = gnu11;
				GCC_DYNAMIC_NO_PIC = NO;
				GCC_NO_COMMON_BLOCKS = YES;
				GCC_OPTIMIZATION_LEVEL = 0;
				GCC_PREPROCESSOR_DEFINITIONS = (
					"DEBUG=1",
					"$(inherited)",
				);
				GCC_WARN_64_TO_32_BIT_CONVERSION = YES;
				GCC_WARN_ABOUT_RETURN_TYPE = YES_ERROR;
				GCC_WARN_UNDECLARED_SELECTOR = YES;
				GCC_WARN_UNINITIALIZED_AUTOS = YES_AGGRESSIVE;
				GCC_WARN_UNUSED_FUNCTION = YES;
				GCC_WARN_UNUSED_VARIABLE = YES;
				IPHONEOS_DEPLOYMENT_TARGET = 16.2;
				MTL_ENABLE_DEBUG_INFO = INCLUDE_SOURCE;
				MTL_FAST_MATH = YES;
				ONLY_ACTIVE_ARCH = YES;
				SDKROOT = iphoneos;
				SWIFT_ACTIVE_COMPILATION_CONDITIONS = DEBUG;
				SWIFT_OPTIMIZATION_LEVEL = "-Onone";
			};
			name = Debug;
		};
		F652592929F450CF009DA527 /* Release */ = {
			isa = XCBuildConfiguration;
			buildSettings = {
				ALWAYS_SEARCH_USER_PATHS = NO;
				CLANG_ANALYZER_NONNULL = YES;
				CLANG_ANALYZER_NUMBER_OBJECT_CONVERSION = YES_AGGRESSIVE;
				CLANG_CXX_LANGUAGE_STANDARD = "gnu++20";
				CLANG_ENABLE_MODULES = YES;
				CLANG_ENABLE_OBJC_ARC = YES;
				CLANG_ENABLE_OBJC_WEAK = YES;
				CLANG_WARN_BLOCK_CAPTURE_AUTORELEASING = YES;
				CLANG_WARN_BOOL_CONVERSION = YES;
				CLANG_WARN_COMMA = YES;
				CLANG_WARN_CONSTANT_CONVERSION = YES;
				CLANG_WARN_DEPRECATED_OBJC_IMPLEMENTATIONS = YES;
				CLANG_WARN_DIRECT_OBJC_ISA_USAGE = YES_ERROR;
				CLANG_WARN_DOCUMENTATION_COMMENTS = YES;
				CLANG_WARN_EMPTY_BODY = YES;
				CLANG_WARN_ENUM_CONVERSION = YES;
				CLANG_WARN_INFINITE_RECURSION = YES;
				CLANG_WARN_INT_CONVERSION = YES;
				CLANG_WARN_NON_LITERAL_NULL_CONVERSION = YES;
				CLANG_WARN_OBJC_IMPLICIT_RETAIN_SELF = YES;
				CLANG_WARN_OBJC_LITERAL_CONVERSION = YES;
				CLANG_WARN_OBJC_ROOT_CLASS = YES_ERROR;
				CLANG_WARN_QUOTED_INCLUDE_IN_FRAMEWORK_HEADER = YES;
				CLANG_WARN_RANGE_LOOP_ANALYSIS = YES;
				CLANG_WARN_STRICT_PROTOTYPES = YES;
				CLANG_WARN_SUSPICIOUS_MOVE = YES;
				CLANG_WARN_UNGUARDED_AVAILABILITY = YES_AGGRESSIVE;
				CLANG_WARN_UNREACHABLE_CODE = YES;
				CLANG_WARN__DUPLICATE_METHOD_MATCH = YES;
				COPY_PHASE_STRIP = NO;
				DEBUG_INFORMATION_FORMAT = "dwarf-with-dsym";
				ENABLE_NS_ASSERTIONS = NO;
				ENABLE_STRICT_OBJC_MSGSEND = YES;
				GCC_C_LANGUAGE_STANDARD = gnu11;
				GCC_NO_COMMON_BLOCKS = YES;
				GCC_WARN_64_TO_32_BIT_CONVERSION = YES;
				GCC_WARN_ABOUT_RETURN_TYPE = YES_ERROR;
				GCC_WARN_UNDECLARED_SELECTOR = YES;
				GCC_WARN_UNINITIALIZED_AUTOS = YES_AGGRESSIVE;
				GCC_WARN_UNUSED_FUNCTION = YES;
				GCC_WARN_UNUSED_VARIABLE = YES;
				IPHONEOS_DEPLOYMENT_TARGET = 16.2;
				MTL_ENABLE_DEBUG_INFO = NO;
				MTL_FAST_MATH = YES;
				SDKROOT = iphoneos;
				SWIFT_COMPILATION_MODE = wholemodule;
				SWIFT_OPTIMIZATION_LEVEL = "-O";
				VALIDATE_PRODUCT = YES;
			};
			name = Release;
		};
		F652592B29F450CF009DA527 /* Debug */ = {
			isa = XCBuildConfiguration;
			buildSettings = {
				ASSETCATALOG_COMPILER_APPICON_NAME = AppIcon;
				ASSETCATALOG_COMPILER_GLOBAL_ACCENT_COLOR_NAME = AccentColor;
				CODE_SIGN_STYLE = Automatic;
				CURRENT_PROJECT_VERSION = 1;
				DEVELOPMENT_ASSET_PATHS = "\"Lesson13/Preview Content\"";
				ENABLE_PREVIEWS = YES;
				GENERATE_INFOPLIST_FILE = YES;
				INFOPLIST_KEY_UIApplicationSceneManifest_Generation = YES;
				INFOPLIST_KEY_UIApplicationSupportsIndirectInputEvents = YES;
				INFOPLIST_KEY_UILaunchScreen_Generation = YES;
				INFOPLIST_KEY_UISupportedInterfaceOrientations_iPad = "UIInterfaceOrientationPortrait UIInterfaceOrientationPortraitUpsideDown UIInterfaceOrientationLandscapeLeft UIInterfaceOrientationLandscapeRight";
				INFOPLIST_KEY_UISupportedInterfaceOrientations_iPhone = "UIInterfaceOrientationPortrait UIInterfaceOrientationLandscapeLeft UIInterfaceOrientationLandscapeRight";
				LD_RUNPATH_SEARCH_PATHS = (
					"$(inherited)",
					"@executable_path/Frameworks",
				);
				MARKETING_VERSION = 1.0;
				PRODUCT_BUNDLE_IDENTIFIER = kwk.Lesson13;
				PRODUCT_NAME = "$(TARGET_NAME)";
				SWIFT_EMIT_LOC_STRINGS = YES;
				SWIFT_VERSION = 5.0;
				TARGETED_DEVICE_FAMILY = "1,2";
			};
			name = Debug;
		};
		F652592C29F450CF009DA527 /* Release */ = {
			isa = XCBuildConfiguration;
			buildSettings = {
				ASSETCATALOG_COMPILER_APPICON_NAME = AppIcon;
				ASSETCATALOG_COMPILER_GLOBAL_ACCENT_COLOR_NAME = AccentColor;
				CODE_SIGN_STYLE = Automatic;
				CURRENT_PROJECT_VERSION = 1;
				DEVELOPMENT_ASSET_PATHS = "\"Lesson13/Preview Content\"";
				ENABLE_PREVIEWS = YES;
				GENERATE_INFOPLIST_FILE = YES;
				INFOPLIST_KEY_UIApplicationSceneManifest_Generation = YES;
				INFOPLIST_KEY_UIApplicationSupportsIndirectInputEvents = YES;
				INFOPLIST_KEY_UILaunchScreen_Generation = YES;
				INFOPLIST_KEY_UISupportedInterfaceOrientations_iPad = "UIInterfaceOrientationPortrait UIInterfaceOrientationPortraitUpsideDown UIInterfaceOrientationLandscapeLeft UIInterfaceOrientationLandscapeRight";
				INFOPLIST_KEY_UISupportedInterfaceOrientations_iPhone = "UIInterfaceOrientationPortrait UIInterfaceOrientationLandscapeLeft UIInterfaceOrientationLandscapeRight";
				LD_RUNPATH_SEARCH_PATHS = (
					"$(inherited)",
					"@executable_path/Frameworks",
				);
				MARKETING_VERSION = 1.0;
				PRODUCT_BUNDLE_IDENTIFIER = kwk.Lesson13;
				PRODUCT_NAME = "$(TARGET_NAME)";
				SWIFT_EMIT_LOC_STRINGS = YES;
				SWIFT_VERSION = 5.0;
				TARGETED_DEVICE_FAMILY = "1,2";
			};
			name = Release;
		};
		F652592E29F450CF009DA527 /* Debug */ = {
			isa = XCBuildConfiguration;
			buildSettings = {
				ALWAYS_EMBED_SWIFT_STANDARD_LIBRARIES = YES;
				BUNDLE_LOADER = "$(TEST_HOST)";
				CODE_SIGN_STYLE = Automatic;
				CURRENT_PROJECT_VERSION = 1;
				GENERATE_INFOPLIST_FILE = YES;
				IPHONEOS_DEPLOYMENT_TARGET = 16.2;
				MARKETING_VERSION = 1.0;
				PRODUCT_BUNDLE_IDENTIFIER = kwk.Lesson13Tests;
				PRODUCT_NAME = "$(TARGET_NAME)";
				SWIFT_EMIT_LOC_STRINGS = NO;
				SWIFT_VERSION = 5.0;
				TARGETED_DEVICE_FAMILY = "1,2";
				TEST_HOST = "$(BUILT_PRODUCTS_DIR)/Lesson13.app/$(BUNDLE_EXECUTABLE_FOLDER_PATH)/Lesson13";
			};
			name = Debug;
		};
		F652592F29F450CF009DA527 /* Release */ = {
			isa = XCBuildConfiguration;
			buildSettings = {
				ALWAYS_EMBED_SWIFT_STANDARD_LIBRARIES = YES;
				BUNDLE_LOADER = "$(TEST_HOST)";
				CODE_SIGN_STYLE = Automatic;
				CURRENT_PROJECT_VERSION = 1;
				GENERATE_INFOPLIST_FILE = YES;
				IPHONEOS_DEPLOYMENT_TARGET = 16.2;
				MARKETING_VERSION = 1.0;
				PRODUCT_BUNDLE_IDENTIFIER = kwk.Lesson13Tests;
				PRODUCT_NAME = "$(TARGET_NAME)";
				SWIFT_EMIT_LOC_STRINGS = NO;
				SWIFT_VERSION = 5.0;
				TARGETED_DEVICE_FAMILY = "1,2";
				TEST_HOST = "$(BUILT_PRODUCTS_DIR)/Lesson13.app/$(BUNDLE_EXECUTABLE_FOLDER_PATH)/Lesson13";
			};
			name = Release;
		};
		F652593129F450CF009DA527 /* Debug */ = {
			isa = XCBuildConfiguration;
			buildSettings = {
				ALWAYS_EMBED_SWIFT_STANDARD_LIBRARIES = YES;
				CODE_SIGN_STYLE = Automatic;
				CURRENT_PROJECT_VERSION = 1;
				GENERATE_INFOPLIST_FILE = YES;
				MARKETING_VERSION = 1.0;
				PRODUCT_BUNDLE_IDENTIFIER = kwk.Lesson13UITests;
				PRODUCT_NAME = "$(TARGET_NAME)";
				SWIFT_EMIT_LOC_STRINGS = NO;
				SWIFT_VERSION = 5.0;
				TARGETED_DEVICE_FAMILY = "1,2";
				TEST_TARGET_NAME = Lesson13;
			};
			name = Debug;
		};
		F652593229F450CF009DA527 /* Release */ = {
			isa = XCBuildConfiguration;
			buildSettings = {
				ALWAYS_EMBED_SWIFT_STANDARD_LIBRARIES = YES;
				CODE_SIGN_STYLE = Automatic;
				CURRENT_PROJECT_VERSION = 1;
				GENERATE_INFOPLIST_FILE = YES;
				MARKETING_VERSION = 1.0;
				PRODUCT_BUNDLE_IDENTIFIER = kwk.Lesson13UITests;
				PRODUCT_NAME = "$(TARGET_NAME)";
				SWIFT_EMIT_LOC_STRINGS = NO;
				SWIFT_VERSION = 5.0;
				TARGETED_DEVICE_FAMILY = "1,2";
				TEST_TARGET_NAME = Lesson13;
			};
			name = Release;
		};
/* End XCBuildConfiguration section */

/* Begin XCConfigurationList section */
		F652590129F450CC009DA527 /* Build configuration list for PBXProject "Lesson13" */ = {
			isa = XCConfigurationList;
			buildConfigurations = (
				F652592829F450CF009DA527 /* Debug */,
				F652592929F450CF009DA527 /* Release */,
			);
			defaultConfigurationIsVisible = 0;
			defaultConfigurationName = Release;
		};
		F652592A29F450CF009DA527 /* Build configuration list for PBXNativeTarget "Lesson13" */ = {
			isa = XCConfigurationList;
			buildConfigurations = (
				F652592B29F450CF009DA527 /* Debug */,
				F652592C29F450CF009DA527 /* Release */,
			);
			defaultConfigurationIsVisible = 0;
			defaultConfigurationName = Release;
		};
		F652592D29F450CF009DA527 /* Build configuration list for PBXNativeTarget "Lesson13Tests" */ = {
			isa = XCConfigurationList;
			buildConfigurations = (
				F652592E29F450CF009DA527 /* Debug */,
				F652592F29F450CF009DA527 /* Release */,
			);
			defaultConfigurationIsVisible = 0;
			defaultConfigurationName = Release;
		};
		F652593029F450CF009DA527 /* Build configuration list for PBXNativeTarget "Lesson13UITests" */ = {
			isa = XCConfigurationList;
			buildConfigurations = (
				F652593129F450CF009DA527 /* Debug */,
				F652593229F450CF009DA527 /* Release */,
			);
			defaultConfigurationIsVisible = 0;
			defaultConfigurationName = Release;
		};
/* End XCConfigurationList section */
	};
	rootObject = F65258FE29F450CC009DA527 /* Project object */;
}
